// !$*UTF8*$!
{
	archiveVersion = 1;
	classes = {
	};
	objectVersion = 50;
	objects = {

/* Begin PBXBuildFile section */
		BA323EEB264C16D8007A8CBB /* libglfw.3.3.dylib in Embed Libraries */ = {isa = PBXBuildFile; fileRef = BA99517D264691390091E7DA /* libglfw.3.3.dylib */; settings = {ATTRIBUTES = (CodeSignOnCopy, ); }; };
		BA323EEC264C16D8007A8CBB /* libGLEW.2.2.0.dylib in Embed Libraries */ = {isa = PBXBuildFile; fileRef = BA99517E264691390091E7DA /* libGLEW.2.2.0.dylib */; settings = {ATTRIBUTES = (CodeSignOnCopy, ); }; };
		BA323EEF264C16D8007A8CBB /* glad.c in Sources */ = {isa = PBXBuildFile; fileRef = BA995181264691930091E7DA /* glad.c */; };
		BA323EF1264C16D8007A8CBB /* libglfw.3.3.dylib in Frameworks */ = {isa = PBXBuildFile; fileRef = BA99517D264691390091E7DA /* libglfw.3.3.dylib */; };
		BA323EF2264C16D8007A8CBB /* libGLEW.2.2.0.dylib in Frameworks */ = {isa = PBXBuildFile; fileRef = BA99517E264691390091E7DA /* libGLEW.2.2.0.dylib */; };
		BA323EF3264C16D8007A8CBB /* OpenGL.framework in Frameworks */ = {isa = PBXBuildFile; fileRef = BA995184264691C90091E7DA /* OpenGL.framework */; };
		BA323EFA264C175B007A8CBB /* HelloTriangleExercise1.cpp in Sources */ = {isa = PBXBuildFile; fileRef = BA323EF9264C175B007A8CBB /* HelloTriangleExercise1.cpp */; };
		BA9951972646B5BA0091E7DA /* HelloWindow.cpp in Sources */ = {isa = PBXBuildFile; fileRef = BA99518A2646B56B0091E7DA /* HelloWindow.cpp */; };
		BA9951982646B6550091E7DA /* libGLEW.2.2.0.dylib in Frameworks */ = {isa = PBXBuildFile; fileRef = BA99517E264691390091E7DA /* libGLEW.2.2.0.dylib */; };
		BA99519B2646B6650091E7DA /* libglfw.3.3.dylib in Frameworks */ = {isa = PBXBuildFile; fileRef = BA99517D264691390091E7DA /* libglfw.3.3.dylib */; };
		BA99519D2646B6710091E7DA /* OpenGL.framework in Frameworks */ = {isa = PBXBuildFile; fileRef = BA995184264691C90091E7DA /* OpenGL.framework */; };
		BA99519E2646BA800091E7DA /* glad.c in Sources */ = {isa = PBXBuildFile; fileRef = BA995181264691930091E7DA /* glad.c */; };
		BA99519F2646BC5C0091E7DA /* libGLEW.2.2.0.dylib in Embed Libraries */ = {isa = PBXBuildFile; fileRef = BA99517E264691390091E7DA /* libGLEW.2.2.0.dylib */; settings = {ATTRIBUTES = (CodeSignOnCopy, ); }; };
		BA9951A12646BC5D0091E7DA /* libglfw.3.3.dylib in Embed Libraries */ = {isa = PBXBuildFile; fileRef = BA99517D264691390091E7DA /* libglfw.3.3.dylib */; settings = {ATTRIBUTES = (CodeSignOnCopy, ); }; };
		BA9951D42647B9BD0091E7DA /* HelloTriangle.cpp in Sources */ = {isa = PBXBuildFile; fileRef = BA9951D32647B9BD0091E7DA /* HelloTriangle.cpp */; };
		BA9951D82647BA110091E7DA /* libGLEW.2.2.0.dylib in Frameworks */ = {isa = PBXBuildFile; fileRef = BA99517E264691390091E7DA /* libGLEW.2.2.0.dylib */; };
		BA9951D92647BA110091E7DA /* libGLEW.2.2.0.dylib in Embed Libraries */ = {isa = PBXBuildFile; fileRef = BA99517E264691390091E7DA /* libGLEW.2.2.0.dylib */; settings = {ATTRIBUTES = (CodeSignOnCopy, ); }; };
		BA9951DB2647BA1A0091E7DA /* libglfw.3.3.dylib in Frameworks */ = {isa = PBXBuildFile; fileRef = BA99517D264691390091E7DA /* libglfw.3.3.dylib */; };
		BA9951DC2647BA1A0091E7DA /* libglfw.3.3.dylib in Embed Libraries */ = {isa = PBXBuildFile; fileRef = BA99517D264691390091E7DA /* libglfw.3.3.dylib */; settings = {ATTRIBUTES = (CodeSignOnCopy, ); }; };
		BA9951DD2647BA230091E7DA /* OpenGL.framework in Frameworks */ = {isa = PBXBuildFile; fileRef = BA995184264691C90091E7DA /* OpenGL.framework */; };
		BA99551D264983820091E7DA /* glad.c in Sources */ = {isa = PBXBuildFile; fileRef = BA995181264691930091E7DA /* glad.c */; };
/* End PBXBuildFile section */

/* Begin PBXCopyFilesBuildPhase section */
		BA323EEA264C16D8007A8CBB /* Embed Libraries */ = {
			isa = PBXCopyFilesBuildPhase;
			buildActionMask = 2147483647;
			dstPath = "";
			dstSubfolderSpec = 10;
			files = (
				BA323EEB264C16D8007A8CBB /* libglfw.3.3.dylib in Embed Libraries */,
				BA323EEC264C16D8007A8CBB /* libGLEW.2.2.0.dylib in Embed Libraries */,
			);
			name = "Embed Libraries";
			runOnlyForDeploymentPostprocessing = 0;
		};
		BA323EF4264C16D8007A8CBB /* CopyFiles */ = {
			isa = PBXCopyFilesBuildPhase;
			buildActionMask = 2147483647;
			dstPath = /usr/share/man/man1/;
			dstSubfolderSpec = 0;
			files = (
			);
			runOnlyForDeploymentPostprocessing = 1;
		};
		BA99518E2646B59A0091E7DA /* CopyFiles */ = {
			isa = PBXCopyFilesBuildPhase;
			buildActionMask = 2147483647;
			dstPath = /usr/share/man/man1/;
			dstSubfolderSpec = 0;
			files = (
			);
			runOnlyForDeploymentPostprocessing = 1;
		};
		BA9951A02646BC5C0091E7DA /* Embed Libraries */ = {
			isa = PBXCopyFilesBuildPhase;
			buildActionMask = 2147483647;
			dstPath = "";
			dstSubfolderSpec = 10;
			files = (
				BA9951A12646BC5D0091E7DA /* libglfw.3.3.dylib in Embed Libraries */,
				BA99519F2646BC5C0091E7DA /* libGLEW.2.2.0.dylib in Embed Libraries */,
			);
			name = "Embed Libraries";
			runOnlyForDeploymentPostprocessing = 0;
		};
		BA9951CF2647B9BD0091E7DA /* CopyFiles */ = {
			isa = PBXCopyFilesBuildPhase;
			buildActionMask = 2147483647;
			dstPath = /usr/share/man/man1/;
			dstSubfolderSpec = 0;
			files = (
			);
			runOnlyForDeploymentPostprocessing = 1;
		};
		BA9951DA2647BA110091E7DA /* Embed Libraries */ = {
			isa = PBXCopyFilesBuildPhase;
			buildActionMask = 2147483647;
			dstPath = "";
			dstSubfolderSpec = 10;
			files = (
				BA9951DC2647BA1A0091E7DA /* libglfw.3.3.dylib in Embed Libraries */,
				BA9951D92647BA110091E7DA /* libGLEW.2.2.0.dylib in Embed Libraries */,
			);
			name = "Embed Libraries";
			runOnlyForDeploymentPostprocessing = 0;
		};
/* End PBXCopyFilesBuildPhase section */

/* Begin PBXFileReference section */
		BA323EF8264C16D8007A8CBB /* HelloTriangleEx.1 */ = {isa = PBXFileReference; explicitFileType = "compiled.mach-o.executable"; includeInIndex = 0; path = HelloTriangleEx.1; sourceTree = BUILT_PRODUCTS_DIR; };
		BA323EF9264C175B007A8CBB /* HelloTriangleExercise1.cpp */ = {isa = PBXFileReference; lastKnownFileType = sourcecode.cpp.cpp; path = HelloTriangleExercise1.cpp; sourceTree = "<group>"; };
		BA9951732646912F0091E7DA /* khrplatform.h */ = {isa = PBXFileReference; fileEncoding = 4; lastKnownFileType = sourcecode.c.h; path = khrplatform.h; sourceTree = "<group>"; };
		BA9951752646912F0091E7DA /* glxew.h */ = {isa = PBXFileReference; fileEncoding = 4; lastKnownFileType = sourcecode.c.h; path = glxew.h; sourceTree = "<group>"; };
		BA9951762646912F0091E7DA /* wglew.h */ = {isa = PBXFileReference; fileEncoding = 4; lastKnownFileType = sourcecode.c.h; path = wglew.h; sourceTree = "<group>"; };
		BA9951772646912F0091E7DA /* glew.h */ = {isa = PBXFileReference; fileEncoding = 4; lastKnownFileType = sourcecode.c.h; path = glew.h; sourceTree = "<group>"; };
		BA9951792646912F0091E7DA /* glad.h */ = {isa = PBXFileReference; fileEncoding = 4; lastKnownFileType = sourcecode.c.h; path = glad.h; sourceTree = "<group>"; };
		BA99517B2646912F0091E7DA /* glfw3.h */ = {isa = PBXFileReference; fileEncoding = 4; lastKnownFileType = sourcecode.c.h; path = glfw3.h; sourceTree = "<group>"; };
		BA99517C2646912F0091E7DA /* glfw3native.h */ = {isa = PBXFileReference; fileEncoding = 4; lastKnownFileType = sourcecode.c.h; path = glfw3native.h; sourceTree = "<group>"; };
		BA99517D264691390091E7DA /* libglfw.3.3.dylib */ = {isa = PBXFileReference; lastKnownFileType = "compiled.mach-o.dylib"; path = libglfw.3.3.dylib; sourceTree = "<group>"; };
		BA99517E264691390091E7DA /* libGLEW.2.2.0.dylib */ = {isa = PBXFileReference; lastKnownFileType = "compiled.mach-o.dylib"; path = libGLEW.2.2.0.dylib; sourceTree = "<group>"; };
		BA995181264691930091E7DA /* glad.c */ = {isa = PBXFileReference; fileEncoding = 4; lastKnownFileType = sourcecode.c.c; path = glad.c; sourceTree = "<group>"; };
		BA995184264691C90091E7DA /* OpenGL.framework */ = {isa = PBXFileReference; lastKnownFileType = wrapper.framework; name = OpenGL.framework; path = System/Library/Frameworks/OpenGL.framework; sourceTree = SDKROOT; };
		BA99518A2646B56B0091E7DA /* HelloWindow.cpp */ = {isa = PBXFileReference; lastKnownFileType = sourcecode.cpp.cpp; path = HelloWindow.cpp; sourceTree = "<group>"; };
		BA9951902646B59A0091E7DA /* HelloWindow */ = {isa = PBXFileReference; explicitFileType = "compiled.mach-o.executable"; includeInIndex = 0; path = HelloWindow; sourceTree = BUILT_PRODUCTS_DIR; };
		BA9951D12647B9BD0091E7DA /* HelloTriangle */ = {isa = PBXFileReference; explicitFileType = "compiled.mach-o.executable"; includeInIndex = 0; path = HelloTriangle; sourceTree = BUILT_PRODUCTS_DIR; };
		BA9951D32647B9BD0091E7DA /* HelloTriangle.cpp */ = {isa = PBXFileReference; lastKnownFileType = sourcecode.cpp.cpp; path = HelloTriangle.cpp; sourceTree = "<group>"; };
/* End PBXFileReference section */

/* Begin PBXFrameworksBuildPhase section */
		BA323EF0264C16D8007A8CBB /* Frameworks */ = {
			isa = PBXFrameworksBuildPhase;
			buildActionMask = 2147483647;
			files = (
				BA323EF1264C16D8007A8CBB /* libglfw.3.3.dylib in Frameworks */,
				BA323EF2264C16D8007A8CBB /* libGLEW.2.2.0.dylib in Frameworks */,
				BA323EF3264C16D8007A8CBB /* OpenGL.framework in Frameworks */,
			);
			runOnlyForDeploymentPostprocessing = 0;
		};
		BA99518D2646B59A0091E7DA /* Frameworks */ = {
			isa = PBXFrameworksBuildPhase;
			buildActionMask = 2147483647;
			files = (
				BA99519B2646B6650091E7DA /* libglfw.3.3.dylib in Frameworks */,
				BA9951982646B6550091E7DA /* libGLEW.2.2.0.dylib in Frameworks */,
				BA99519D2646B6710091E7DA /* OpenGL.framework in Frameworks */,
			);
			runOnlyForDeploymentPostprocessing = 0;
		};
		BA9951CE2647B9BD0091E7DA /* Frameworks */ = {
			isa = PBXFrameworksBuildPhase;
			buildActionMask = 2147483647;
			files = (
				BA9951DB2647BA1A0091E7DA /* libglfw.3.3.dylib in Frameworks */,
				BA9951D82647BA110091E7DA /* libGLEW.2.2.0.dylib in Frameworks */,
				BA9951DD2647BA230091E7DA /* OpenGL.framework in Frameworks */,
			);
			runOnlyForDeploymentPostprocessing = 0;
		};
/* End PBXFrameworksBuildPhase section */

/* Begin PBXGroup section */
		BA99515C26468F1C0091E7DA = {
			isa = PBXGroup;
			children = (
				BA99516F26468F750091E7DA /* dependencies */,
				BA99516726468F1C0091E7DA /* LearnOpenGL */,
				BA99516626468F1C0091E7DA /* Products */,
				BA995183264691C90091E7DA /* Frameworks */,
			);
			sourceTree = "<group>";
		};
		BA99516626468F1C0091E7DA /* Products */ = {
			isa = PBXGroup;
			children = (
				BA9951902646B59A0091E7DA /* HelloWindow */,
				BA9951D12647B9BD0091E7DA /* HelloTriangle */,
				BA323EF8264C16D8007A8CBB /* HelloTriangleEx.1 */,
			);
			name = Products;
			sourceTree = "<group>";
		};
		BA99516726468F1C0091E7DA /* LearnOpenGL */ = {
			isa = PBXGroup;
			children = (
				BA9951892646B5450091E7DA /* HelloWindow */,
				BA9951D22647B9BD0091E7DA /* HelloTriangle */,
			);
			path = LearnOpenGL;
			sourceTree = "<group>";
		};
		BA99516F26468F750091E7DA /* dependencies */ = {
			isa = PBXGroup;
			children = (
				BA995181264691930091E7DA /* glad.c */,
				BA99517126468F8D0091E7DA /* libs */,
				BA99517026468F840091E7DA /* headers */,
			);
			path = dependencies;
			sourceTree = "<group>";
		};
		BA99517026468F840091E7DA /* headers */ = {
			isa = PBXGroup;
			children = (
				BA9951782646912F0091E7DA /* glad */,
				BA9951742646912F0091E7DA /* glew */,
				BA99517A2646912F0091E7DA /* GLFW */,
				BA9951722646912F0091E7DA /* KHR */,
			);
			path = headers;
			sourceTree = "<group>";
		};
		BA99517126468F8D0091E7DA /* libs */ = {
			isa = PBXGroup;
			children = (
				BA99517E264691390091E7DA /* libGLEW.2.2.0.dylib */,
				BA99517D264691390091E7DA /* libglfw.3.3.dylib */,
			);
			path = libs;
			sourceTree = "<group>";
		};
		BA9951722646912F0091E7DA /* KHR */ = {
			isa = PBXGroup;
			children = (
				BA9951732646912F0091E7DA /* khrplatform.h */,
			);
			path = KHR;
			sourceTree = "<group>";
		};
		BA9951742646912F0091E7DA /* glew */ = {
			isa = PBXGroup;
			children = (
				BA9951752646912F0091E7DA /* glxew.h */,
				BA9951762646912F0091E7DA /* wglew.h */,
				BA9951772646912F0091E7DA /* glew.h */,
			);
			path = glew;
			sourceTree = "<group>";
		};
		BA9951782646912F0091E7DA /* glad */ = {
			isa = PBXGroup;
			children = (
				BA9951792646912F0091E7DA /* glad.h */,
			);
			path = glad;
			sourceTree = "<group>";
		};
		BA99517A2646912F0091E7DA /* GLFW */ = {
			isa = PBXGroup;
			children = (
				BA99517B2646912F0091E7DA /* glfw3.h */,
				BA99517C2646912F0091E7DA /* glfw3native.h */,
			);
			path = GLFW;
			sourceTree = "<group>";
		};
		BA995183264691C90091E7DA /* Frameworks */ = {
			isa = PBXGroup;
			children = (
				BA995184264691C90091E7DA /* OpenGL.framework */,
			);
			name = Frameworks;
			sourceTree = "<group>";
		};
		BA9951892646B5450091E7DA /* HelloWindow */ = {
			isa = PBXGroup;
			children = (
				BA99518A2646B56B0091E7DA /* HelloWindow.cpp */,
			);
			path = HelloWindow;
			sourceTree = "<group>";
		};
		BA9951D22647B9BD0091E7DA /* HelloTriangle */ = {
			isa = PBXGroup;
			children = (
				BA9951D32647B9BD0091E7DA /* HelloTriangle.cpp */,
				BA323EF9264C175B007A8CBB /* HelloTriangleExercise1.cpp */,
			);
			path = HelloTriangle;
			sourceTree = "<group>";
		};
/* End PBXGroup section */

/* Begin PBXNativeTarget section */
		BA323EE9264C16D8007A8CBB /* HelloTriangleEx.1 */ = {
			isa = PBXNativeTarget;
			buildConfigurationList = BA323EF5264C16D8007A8CBB /* Build configuration list for PBXNativeTarget "HelloTriangleEx.1" */;
			buildPhases = (
				BA323EEA264C16D8007A8CBB /* Embed Libraries */,
				BA323EED264C16D8007A8CBB /* Sources */,
				BA323EF0264C16D8007A8CBB /* Frameworks */,
				BA323EF4264C16D8007A8CBB /* CopyFiles */,
			);
			buildRules = (
			);
			dependencies = (
			);
			name = HelloTriangleEx.1;
			productName = HelloTriangle;
			productReference = BA323EF8264C16D8007A8CBB /* HelloTriangleEx.1 */;
			productType = "com.apple.product-type.tool";
		};
		BA99518F2646B59A0091E7DA /* HelloWindow */ = {
			isa = PBXNativeTarget;
			buildConfigurationList = BA9951942646B59A0091E7DA /* Build configuration list for PBXNativeTarget "HelloWindow" */;
			buildPhases = (
				BA9951A02646BC5C0091E7DA /* Embed Libraries */,
				BA99518D2646B59A0091E7DA /* Frameworks */,
				BA99518C2646B59A0091E7DA /* Sources */,
				BA99518E2646B59A0091E7DA /* CopyFiles */,
			);
			buildRules = (
			);
			dependencies = (
			);
			name = HelloWindow;
			productName = HelloWindow;
			productReference = BA9951902646B59A0091E7DA /* HelloWindow */;
			productType = "com.apple.product-type.tool";
		};
		BA9951D02647B9BD0091E7DA /* HelloTriangle */ = {
			isa = PBXNativeTarget;
			buildConfigurationList = BA9951D72647B9BD0091E7DA /* Build configuration list for PBXNativeTarget "HelloTriangle" */;
			buildPhases = (
				BA9951DA2647BA110091E7DA /* Embed Libraries */,
				BA9951CD2647B9BD0091E7DA /* Sources */,
				BA9951CE2647B9BD0091E7DA /* Frameworks */,
				BA9951CF2647B9BD0091E7DA /* CopyFiles */,
			);
			buildRules = (
			);
			dependencies = (
			);
			name = HelloTriangle;
			productName = HelloTriangle;
			productReference = BA9951D12647B9BD0091E7DA /* HelloTriangle */;
			productType = "com.apple.product-type.tool";
		};
/* End PBXNativeTarget section */

/* Begin PBXProject section */
		BA99515D26468F1C0091E7DA /* Project object */ = {
			isa = PBXProject;
			attributes = {
				LastUpgradeCheck = 1250;
				TargetAttributes = {
					BA99518F2646B59A0091E7DA = {
						CreatedOnToolsVersion = 12.5;
					};
					BA9951D02647B9BD0091E7DA = {
						CreatedOnToolsVersion = 12.5;
					};
				};
			};
			buildConfigurationList = BA99516026468F1C0091E7DA /* Build configuration list for PBXProject "LearnOpenGL" */;
			compatibilityVersion = "Xcode 9.3";
			developmentRegion = en;
			hasScannedForEncodings = 0;
			knownRegions = (
				en,
				Base,
			);
			mainGroup = BA99515C26468F1C0091E7DA;
			productRefGroup = BA99516626468F1C0091E7DA /* Products */;
			projectDirPath = "";
			projectRoot = "";
			targets = (
				BA99518F2646B59A0091E7DA /* HelloWindow */,
				BA9951D02647B9BD0091E7DA /* HelloTriangle */,
				BA323EE9264C16D8007A8CBB /* HelloTriangleEx.1 */,
			);
		};
/* End PBXProject section */

/* Begin PBXSourcesBuildPhase section */
		BA323EED264C16D8007A8CBB /* Sources */ = {
			isa = PBXSourcesBuildPhase;
			buildActionMask = 2147483647;
			files = (
				BA323EFA264C175B007A8CBB /* HelloTriangleExercise1.cpp in Sources */,
				BA323EEF264C16D8007A8CBB /* glad.c in Sources */,
			);
			runOnlyForDeploymentPostprocessing = 0;
		};
		BA99518C2646B59A0091E7DA /* Sources */ = {
			isa = PBXSourcesBuildPhase;
			buildActionMask = 2147483647;
			files = (
				BA9951972646B5BA0091E7DA /* HelloWindow.cpp in Sources */,
				BA99519E2646BA800091E7DA /* glad.c in Sources */,
			);
			runOnlyForDeploymentPostprocessing = 0;
		};
		BA9951CD2647B9BD0091E7DA /* Sources */ = {
			isa = PBXSourcesBuildPhase;
			buildActionMask = 2147483647;
			files = (
				BA9951D42647B9BD0091E7DA /* HelloTriangle.cpp in Sources */,
				BA99551D264983820091E7DA /* glad.c in Sources */,
			);
			runOnlyForDeploymentPostprocessing = 0;
		};
/* End PBXSourcesBuildPhase section */

/* Begin XCBuildConfiguration section */
		BA323EF6264C16D8007A8CBB /* Debug */ = {
			isa = XCBuildConfiguration;
			buildSettings = {
				CODE_SIGN_STYLE = Automatic;
				DEVELOPMENT_TEAM = 83WZ8VDGSR;
				ENABLE_HARDENED_RUNTIME = YES;
				LIBRARY_SEARCH_PATHS = (
					"$(inherited)",
					"$(PROJECT_DIR)/dependencies/libs",
				);
				PRODUCT_NAME = "$(TARGET_NAME)";
			};
			name = Debug;
		};
		BA323EF7264C16D8007A8CBB /* Release */ = {
			isa = XCBuildConfiguration;
			buildSettings = {
				CODE_SIGN_STYLE = Automatic;
				DEVELOPMENT_TEAM = 83WZ8VDGSR;
				ENABLE_HARDENED_RUNTIME = YES;
				LIBRARY_SEARCH_PATHS = (
					"$(inherited)",
					"$(PROJECT_DIR)/dependencies/libs",
				);
				PRODUCT_NAME = "$(TARGET_NAME)";
			};
			name = Release;
		};
		BA99516A26468F1C0091E7DA /* Debug */ = {
			isa = XCBuildConfiguration;
			buildSettings = {
				ALWAYS_SEARCH_USER_PATHS = NO;
				CLANG_ANALYZER_NONNULL = YES;
				CLANG_ANALYZER_NUMBER_OBJECT_CONVERSION = YES_AGGRESSIVE;
				CLANG_CXX_LANGUAGE_STANDARD = "gnu++14";
				CLANG_CXX_LIBRARY = "libc++";
				CLANG_ENABLE_MODULES = YES;
				CLANG_ENABLE_OBJC_ARC = YES;
				CLANG_ENABLE_OBJC_WEAK = YES;
				CLANG_WARN_BLOCK_CAPTURE_AUTORELEASING = YES;
				CLANG_WARN_BOOL_CONVERSION = YES;
				CLANG_WARN_COMMA = YES;
				CLANG_WARN_CONSTANT_CONVERSION = YES;
				CLANG_WARN_DEPRECATED_OBJC_IMPLEMENTATIONS = YES;
				CLANG_WARN_DIRECT_OBJC_ISA_USAGE = YES_ERROR;
				CLANG_WARN_DOCUMENTATION_COMMENTS = YES;
				CLANG_WARN_EMPTY_BODY = YES;
				CLANG_WARN_ENUM_CONVERSION = YES;
				CLANG_WARN_INFINITE_RECURSION = YES;
				CLANG_WARN_INT_CONVERSION = YES;
				CLANG_WARN_NON_LITERAL_NULL_CONVERSION = YES;
				CLANG_WARN_OBJC_IMPLICIT_RETAIN_SELF = YES;
				CLANG_WARN_OBJC_LITERAL_CONVERSION = YES;
				CLANG_WARN_OBJC_ROOT_CLASS = YES_ERROR;
				CLANG_WARN_QUOTED_INCLUDE_IN_FRAMEWORK_HEADER = YES;
				CLANG_WARN_RANGE_LOOP_ANALYSIS = YES;
				CLANG_WARN_STRICT_PROTOTYPES = YES;
				CLANG_WARN_SUSPICIOUS_MOVE = YES;
				CLANG_WARN_UNGUARDED_AVAILABILITY = YES_AGGRESSIVE;
				CLANG_WARN_UNREACHABLE_CODE = YES;
				CLANG_WARN__DUPLICATE_METHOD_MATCH = YES;
				COPY_PHASE_STRIP = NO;
				DEBUG_INFORMATION_FORMAT = dwarf;
				ENABLE_STRICT_OBJC_MSGSEND = YES;
				ENABLE_TESTABILITY = YES;
				GCC_C_LANGUAGE_STANDARD = gnu11;
				GCC_DYNAMIC_NO_PIC = NO;
				GCC_NO_COMMON_BLOCKS = YES;
				GCC_OPTIMIZATION_LEVEL = 0;
				GCC_PREPROCESSOR_DEFINITIONS = (
					"DEBUG=1",
					"$(inherited)",
				);
				GCC_WARN_64_TO_32_BIT_CONVERSION = YES;
				GCC_WARN_ABOUT_RETURN_TYPE = YES_ERROR;
				GCC_WARN_UNDECLARED_SELECTOR = YES;
				GCC_WARN_UNINITIALIZED_AUTOS = YES_AGGRESSIVE;
				GCC_WARN_UNUSED_FUNCTION = YES;
				GCC_WARN_UNUSED_VARIABLE = YES;
				HEADER_SEARCH_PATHS = "%(SRCROOT)/dependencies/headers/**";
				LIBRARY_SEARCH_PATHS = "%(SRCROOT)/dependencies/libs/**";
				MACOSX_DEPLOYMENT_TARGET = 11.2;
				MTL_ENABLE_DEBUG_INFO = INCLUDE_SOURCE;
				MTL_FAST_MATH = YES;
				ONLY_ACTIVE_ARCH = YES;
				SDKROOT = macosx;
				SYSTEM_HEADER_SEARCH_PATHS = "";
				USE_HEADERMAP = YES;
			};
			name = Debug;
		};
		BA99516B26468F1C0091E7DA /* Release */ = {
			isa = XCBuildConfiguration;
			buildSettings = {
				ALWAYS_SEARCH_USER_PATHS = NO;
				CLANG_ANALYZER_NONNULL = YES;
				CLANG_ANALYZER_NUMBER_OBJECT_CONVERSION = YES_AGGRESSIVE;
				CLANG_CXX_LANGUAGE_STANDARD = "gnu++14";
				CLANG_CXX_LIBRARY = "libc++";
				CLANG_ENABLE_MODULES = YES;
				CLANG_ENABLE_OBJC_ARC = YES;
				CLANG_ENABLE_OBJC_WEAK = YES;
				CLANG_WARN_BLOCK_CAPTURE_AUTORELEASING = YES;
				CLANG_WARN_BOOL_CONVERSION = YES;
				CLANG_WARN_COMMA = YES;
				CLANG_WARN_CONSTANT_CONVERSION = YES;
				CLANG_WARN_DEPRECATED_OBJC_IMPLEMENTATIONS = YES;
				CLANG_WARN_DIRECT_OBJC_ISA_USAGE = YES_ERROR;
				CLANG_WARN_DOCUMENTATION_COMMENTS = YES;
				CLANG_WARN_EMPTY_BODY = YES;
				CLANG_WARN_ENUM_CONVERSION = YES;
				CLANG_WARN_INFINITE_RECURSION = YES;
				CLANG_WARN_INT_CONVERSION = YES;
				CLANG_WARN_NON_LITERAL_NULL_CONVERSION = YES;
				CLANG_WARN_OBJC_IMPLICIT_RETAIN_SELF = YES;
				CLANG_WARN_OBJC_LITERAL_CONVERSION = YES;
				CLANG_WARN_OBJC_ROOT_CLASS = YES_ERROR;
				CLANG_WARN_QUOTED_INCLUDE_IN_FRAMEWORK_HEADER = YES;
				CLANG_WARN_RANGE_LOOP_ANALYSIS = YES;
				CLANG_WARN_STRICT_PROTOTYPES = YES;
				CLANG_WARN_SUSPICIOUS_MOVE = YES;
				CLANG_WARN_UNGUARDED_AVAILABILITY = YES_AGGRESSIVE;
				CLANG_WARN_UNREACHABLE_CODE = YES;
				CLANG_WARN__DUPLICATE_METHOD_MATCH = YES;
				COPY_PHASE_STRIP = NO;
				DEBUG_INFORMATION_FORMAT = "dwarf-with-dsym";
				ENABLE_NS_ASSERTIONS = NO;
				ENABLE_STRICT_OBJC_MSGSEND = YES;
				GCC_C_LANGUAGE_STANDARD = gnu11;
				GCC_NO_COMMON_BLOCKS = YES;
				GCC_WARN_64_TO_32_BIT_CONVERSION = YES;
				GCC_WARN_ABOUT_RETURN_TYPE = YES_ERROR;
				GCC_WARN_UNDECLARED_SELECTOR = YES;
				GCC_WARN_UNINITIALIZED_AUTOS = YES_AGGRESSIVE;
				GCC_WARN_UNUSED_FUNCTION = YES;
				GCC_WARN_UNUSED_VARIABLE = YES;
				HEADER_SEARCH_PATHS = "%(SRCROOT)/dependencies/headers/**";
				LIBRARY_SEARCH_PATHS = "%(SRCROOT)/dependencies/libs/**";
				MACOSX_DEPLOYMENT_TARGET = 11.2;
				MTL_ENABLE_DEBUG_INFO = NO;
				MTL_FAST_MATH = YES;
				SDKROOT = macosx;
				SYSTEM_HEADER_SEARCH_PATHS = "";
				USE_HEADERMAP = YES;
			};
			name = Release;
		};
		BA9951952646B59A0091E7DA /* Debug */ = {
			isa = XCBuildConfiguration;
			buildSettings = {
				CODE_SIGN_STYLE = Automatic;
				DEVELOPMENT_TEAM = 83WZ8VDGSR;
				ENABLE_HARDENED_RUNTIME = YES;
				LIBRARY_SEARCH_PATHS = (
					"$(inherited)",
					"$(PROJECT_DIR)/dependencies/libs",
				);
				PRODUCT_NAME = "$(TARGET_NAME)";
			};
			name = Debug;
		};
		BA9951962646B59A0091E7DA /* Release */ = {
			isa = XCBuildConfiguration;
			buildSettings = {
				CODE_SIGN_STYLE = Automatic;
				DEVELOPMENT_TEAM = 83WZ8VDGSR;
				ENABLE_HARDENED_RUNTIME = YES;
				LIBRARY_SEARCH_PATHS = (
					"$(inherited)",
					"$(PROJECT_DIR)/dependencies/libs",
				);
				PRODUCT_NAME = "$(TARGET_NAME)";
			};
			name = Release;
		};
		BA9951D52647B9BD0091E7DA /* Debug */ = {
			isa = XCBuildConfiguration;
			buildSettings = {
				CODE_SIGN_STYLE = Automatic;
				DEVELOPMENT_TEAM = 83WZ8VDGSR;
				ENABLE_HARDENED_RUNTIME = YES;
				LIBRARY_SEARCH_PATHS = (
					"$(inherited)",
					"$(PROJECT_DIR)/dependencies/libs",
				);
				PRODUCT_NAME = "$(TARGET_NAME)";
			};
			name = Debug;
		};
		BA9951D62647B9BD0091E7DA /* Release */ = {
			isa = XCBuildConfiguration;
			buildSettings = {
				CODE_SIGN_STYLE = Automatic;
				DEVELOPMENT_TEAM = 83WZ8VDGSR;
				ENABLE_HARDENED_RUNTIME = YES;
				LIBRARY_SEARCH_PATHS = (
					"$(inherited)",
					"$(PROJECT_DIR)/dependencies/libs",
				);
				PRODUCT_NAME = "$(TARGET_NAME)";
			};
			name = Release;
		};
/* End XCBuildConfiguration section */

/* Begin XCConfigurationList section */
		BA323EF5264C16D8007A8CBB /* Build configuration list for PBXNativeTarget "HelloTriangleEx.1" */ = {
			isa = XCConfigurationList;
			buildConfigurations = (
				BA323EF6264C16D8007A8CBB /* Debug */,
				BA323EF7264C16D8007A8CBB /* Release */,
			);
			defaultConfigurationIsVisible = 0;
			defaultConfigurationName = Release;
		};
		BA99516026468F1C0091E7DA /* Build configuration list for PBXProject "LearnOpenGL" */ = {
			isa = XCConfigurationList;
			buildConfigurations = (
				BA99516A26468F1C0091E7DA /* Debug */,
				BA99516B26468F1C0091E7DA /* Release */,
			);
			defaultConfigurationIsVisible = 0;
			defaultConfigurationName = Release;
		};
		BA9951942646B59A0091E7DA /* Build configuration list for PBXNativeTarget "HelloWindow" */ = {
			isa = XCConfigurationList;
			buildConfigurations = (
				BA9951952646B59A0091E7DA /* Debug */,
				BA9951962646B59A0091E7DA /* Release */,
			);
			defaultConfigurationIsVisible = 0;
			defaultConfigurationName = Release;
		};
		BA9951D72647B9BD0091E7DA /* Build configuration list for PBXNativeTarget "HelloTriangle" */ = {
			isa = XCConfigurationList;
			buildConfigurations = (
				BA9951D52647B9BD0091E7DA /* Debug */,
				BA9951D62647B9BD0091E7DA /* Release */,
			);
			defaultConfigurationIsVisible = 0;
			defaultConfigurationName = Release;
		};
/* End XCConfigurationList section */
	};
	rootObject = BA99515D26468F1C0091E7DA /* Project object */;
}
